
Microsoft Visual Studio Solution File, Format Version 12.00
# Visual Studio Version 17
VisualStudioVersion = 17.13.35919.96 d17.13
MinimumVisualStudioVersion = 10.0.40219.1
Project("{FAE04EC0-301F-11D3-BF4B-00C04F79EFBC}") = "Tema-WFA", "Tema-WFA\Tema-WFA.csproj", "{5B1B91CD-240F-444D-871C-70CABE9C14AC}"
EndProject
Global
	GlobalSection(SolutionConfigurationPlatforms) = preSolution
		Debug|Any CPU = Debug|Any CPU
		Release|Any CPU = Release|Any CPU
	EndGlobalSection
	GlobalSection(ProjectConfigurationPlatforms) = postSolution
		{5B1B91CD-240F-444D-871C-70CABE9C14AC}.Debug|Any CPU.ActiveCfg = Debug|Any CPU
		{5B1B91CD-240F-444D-871C-70CABE9C14AC}.Debug|Any CPU.Build.0 = Debug|Any CPU
		{5B1B91CD-240F-444D-871C-70CABE9C14AC}.Release|Any CPU.ActiveCfg = Release|Any CPU
		{5B1B91CD-240F-444D-871C-70CABE9C14AC}.Release|Any CPU.Build.0 = Release|Any CPU
	EndGlobalSection
	GlobalSection(SolutionProperties) = preSolution
		HideSolutionNode = FALSE
	EndGlobalSection
	GlobalSection(ExtensibilityGlobals) = postSolution
		SolutionGuid = {F710AAE2-0E77-4AAD-BC12-3AD9F0D6CAF9}
	EndGlobalSection
EndGlobal
