
Microsoft Visual Studio Solution File, Format Version 12.00
# Visual Studio Version 17
VisualStudioVersion = 17.13.35919.96 d17.13
MinimumVisualStudioVersion = 10.0.40219.1
Project("{FAE04EC0-301F-11D3-BF4B-00C04F79EFBC}") = "Tema-WEB", "Tema-WEB\Tema-WEB.csproj", "{EB4D213C-3DB7-4D3E-96FD-8CD5A4C04C98}"
EndProject
Global
	GlobalSection(SolutionConfigurationPlatforms) = preSolution
		Debug|Any CPU = Debug|Any CPU
		Release|Any CPU = Release|Any CPU
	EndGlobalSection
	GlobalSection(ProjectConfigurationPlatforms) = postSolution
		{EB4D213C-3DB7-4D3E-96FD-8CD5A4C04C98}.Debug|Any CPU.ActiveCfg = Debug|Any CPU
		{EB4D213C-3DB7-4D3E-96FD-8CD5A4C04C98}.Debug|Any CPU.Build.0 = Debug|Any CPU
		{EB4D213C-3DB7-4D3E-96FD-8CD5A4C04C98}.Release|Any CPU.ActiveCfg = Release|Any CPU
		{EB4D213C-3DB7-4D3E-96FD-8CD5A4C04C98}.Release|Any CPU.Build.0 = Release|Any CPU
	EndGlobalSection
	GlobalSection(SolutionProperties) = preSolution
		HideSolutionNode = FALSE
	EndGlobalSection
	GlobalSection(ExtensibilityGlobals) = postSolution
		SolutionGuid = {30B257F7-6193-4B71-8598-F468FF5EF4DA}
	EndGlobalSection
EndGlobal
